
Microsoft Visual Studio Solution File, Format Version 12.00
# Visual Studio Version 17
VisualStudioVersion = 17.3.32825.248
MinimumVisualStudioVersion = 10.0.40219.1
Project("{FAE04EC0-301F-11D3-BF4B-00C04F79EFBC}") = "Advanced_Labb1", "Advanced_Labb1\Advanced_Labb1.csproj", "{A9E30E5A-3EBD-46EE-ACA8-773C07F4AE1A}"
EndProject
Global
	GlobalSection(SolutionConfigurationPlatforms) = preSolution
		Debug|Any CPU = Debug|Any CPU
		Release|Any CPU = Release|Any CPU
	EndGlobalSection
	GlobalSection(ProjectConfigurationPlatforms) = postSolution
		{A9E30E5A-3EBD-46EE-ACA8-773C07F4AE1A}.Debug|Any CPU.ActiveCfg = Debug|Any CPU
		{A9E30E5A-3EBD-46EE-ACA8-773C07F4AE1A}.Debug|Any CPU.Build.0 = Debug|Any CPU
		{A9E30E5A-3EBD-46EE-ACA8-773C07F4AE1A}.Release|Any CPU.ActiveCfg = Release|Any CPU
		{A9E30E5A-3EBD-46EE-ACA8-773C07F4AE1A}.Release|Any CPU.Build.0 = Release|Any CPU
	EndGlobalSection
	GlobalSection(SolutionProperties) = preSolution
		HideSolutionNode = FALSE
	EndGlobalSection
	GlobalSection(ExtensibilityGlobals) = postSolution
		SolutionGuid = {B7F847E4-E015-46C8-8490-AE9F03431431}
	EndGlobalSection
EndGlobal
